{
  "object": {
    "pins": [
      {
        "package": "CoreGraphicsExtensions",
        "repositoryURL": "https://github.com/heestand-xyz/CoreGraphicsExtensions",
        "state": {
          "branch": null,
          "revision": "89b30426f001988a878905d9cdcec0647dc17281",
          "version": "1.3.1"
        }
      },
      {
        "package": "MultiViews",
        "repositoryURL": "https://github.com/heestand-xyz/MultiViews.git",
        "state": {
          "branch": null,
          "revision": "066ff1db3966b37d56c5908197af9f1579b436e7",
          "version": "1.6.0"
        }
      },
      {
        "package": "PixelColor",
        "repositoryURL": "https://github.com/heestand-xyz/PixelColor",
        "state": {
          "branch": null,
          "revision": "04d2444fc288edc5fa5cbfd85bbbc9128b63e6db",
          "version": "1.3.4"
        }
      },
      {
        "package": "PolyKit",
        "repositoryURL": "https://github.com/heestand-xyz/PolyKit.git",
        "state": {
          "branch": null,
          "revision": "9f1f488716b4810674b7e1cc69ddb61361d1ed77",
          "version": "1.0.3"
        }
      },
      {
        "package": "swift-argument-parser",
        "repositoryURL": "https://github.com/apple/swift-argument-parser",
        "state": {
          "branch": null,
          "revision": "6b2aa2748a7881eebb9f84fb10c01293e15b52ca",
          "version": "0.5.0"
        }
      },
      {
        "package": "TextureMap",
        "repositoryURL": "https://github.com/heestand-xyz/TextureMap",
        "state": {
          "branch": null,
          "revision": "78af200767927e60e744b8b7e6c07671e1a7c27a",
          "version": "0.5.3"
        }
      },
      {
        "package": "VideoFrames",
        "repositoryURL": "https://github.com/heestand-xyz/VideoFrames",
        "state": {
          "branch": null,
          "revision": "403a11a70f412e3935303822cc7f420be0b73286",
          "version": "0.2.3"
        }
      }
    ]
  },
  "version": 1
}
